
Microsoft Visual Studio Solution File, Format Version 10.00
# Visual Studio 2008
Project("{8BC9CEB8-8B4A-11D0-8D11-00A0C91BC942}") = "LibGDIPlus", "LibGDIPlus.vcproj", "{584613A5-BDD4-40D6-85CA-BE939FE22869}"
EndProject
Global
	GlobalSection(SolutionConfigurationPlatforms) = preSolution
		Debug|Win32 = Debug|Win32
		Debug|Windows Mobile 5.0 Pocket PC SDK (ARMV4I) = Debug|Windows Mobile 5.0 Pocket PC SDK (ARMV4I)
		Release|Win32 = Release|Win32
		Release|Windows Mobile 5.0 Pocket PC SDK (ARMV4I) = Release|Windows Mobile 5.0 Pocket PC SDK (ARMV4I)
	EndGlobalSection
	GlobalSection(ProjectConfigurationPlatforms) = postSolution
		{584613A5-BDD4-40D6-85CA-BE939FE22869}.Debug|Win32.ActiveCfg = Debug|Win32
		{584613A5-BDD4-40D6-85CA-BE939FE22869}.Debug|Win32.Build.0 = Debug|Win32
		{584613A5-BDD4-40D6-85CA-BE939FE22869}.Debug|Windows Mobile 5.0 Pocket PC SDK (ARMV4I).ActiveCfg = Debug|Windows Mobile 5.0 Pocket PC SDK (ARMV4I)
		{584613A5-BDD4-40D6-85CA-BE939FE22869}.Debug|Windows Mobile 5.0 Pocket PC SDK (ARMV4I).Build.0 = Debug|Windows Mobile 5.0 Pocket PC SDK (ARMV4I)
		{584613A5-BDD4-40D6-85CA-BE939FE22869}.Debug|Windows Mobile 5.0 Pocket PC SDK (ARMV4I).Deploy.0 = Debug|Windows Mobile 5.0 Pocket PC SDK (ARMV4I)
		{584613A5-BDD4-40D6-85CA-BE939FE22869}.Release|Win32.ActiveCfg = Release|Win32
		{584613A5-BDD4-40D6-85CA-BE939FE22869}.Release|Win32.Build.0 = Release|Win32
		{584613A5-BDD4-40D6-85CA-BE939FE22869}.Release|Windows Mobile 5.0 Pocket PC SDK (ARMV4I).ActiveCfg = Release|Windows Mobile 5.0 Pocket PC SDK (ARMV4I)
		{584613A5-BDD4-40D6-85CA-BE939FE22869}.Release|Windows Mobile 5.0 Pocket PC SDK (ARMV4I).Build.0 = Release|Windows Mobile 5.0 Pocket PC SDK (ARMV4I)
		{584613A5-BDD4-40D6-85CA-BE939FE22869}.Release|Windows Mobile 5.0 Pocket PC SDK (ARMV4I).Deploy.0 = Release|Windows Mobile 5.0 Pocket PC SDK (ARMV4I)
	EndGlobalSection
	GlobalSection(SolutionProperties) = preSolution
		HideSolutionNode = FALSE
	EndGlobalSection
EndGlobal
